// !$*UTF8*$!
{
	archiveVersion = 1;
	classes = {
	};
	objectVersion = 50;
	objects = {

/* Begin PBXBuildFile section */
		1160B4962189CFBF0018A512 /* RACBasicViewController.m in Sources */ = {isa = PBXBuildFile; fileRef = 1160B4952189CFBF0018A512 /* RACBasicViewController.m */; };
		1160B49E2189D06C0018A512 /* RACBasicViewController.xib in Resources */ = {isa = PBXBuildFile; fileRef = 1160B49C2189D06C0018A512 /* RACBasicViewController.xib */; };
		11645577218B2498008C3470 /* YYModel.m in Sources */ = {isa = PBXBuildFile; fileRef = 11645576218B2498008C3470 /* YYModel.m */; };
		1164557E218B2824008C3470 /* RACSignalViewController.m in Sources */ = {isa = PBXBuildFile; fileRef = 1164557C218B2824008C3470 /* RACSignalViewController.m */; };
		1164557F218B2824008C3470 /* RACSignalViewController.xib in Resources */ = {isa = PBXBuildFile; fileRef = 1164557D218B2824008C3470 /* RACSignalViewController.xib */; };
		1165613F218C17BB00DA17A6 /* RACCommandViewController.m in Sources */ = {isa = PBXBuildFile; fileRef = 1165613D218C17BB00DA17A6 /* RACCommandViewController.m */; };
		11656140218C17BB00DA17A6 /* RACCommandViewController.xib in Resources */ = {isa = PBXBuildFile; fileRef = 1165613E218C17BB00DA17A6 /* RACCommandViewController.xib */; };
		116EB42521894385004C4862 /* YYMainTableViewCell.xib in Resources */ = {isa = PBXBuildFile; fileRef = 116EB42221894385004C4862 /* YYMainTableViewCell.xib */; };
		116EB42621894385004C4862 /* YYMainTableViewCell.m in Sources */ = {isa = PBXBuildFile; fileRef = 116EB42421894385004C4862 /* YYMainTableViewCell.m */; };
		116EB4292189440E004C4862 /* RACButtonViewController.m in Sources */ = {isa = PBXBuildFile; fileRef = 116EB4282189440E004C4862 /* RACButtonViewController.m */; };
		116EB42F21895073004C4862 /* UIColor+Category.m in Sources */ = {isa = PBXBuildFile; fileRef = 116EB42E21895073004C4862 /* UIColor+Category.m */; };
		1189CFF02179792C00E1CE5C /* YYAppDelegate.m in Sources */ = {isa = PBXBuildFile; fileRef = 1189CFEF2179792C00E1CE5C /* YYAppDelegate.m */; };
		1189CFF32179792C00E1CE5C /* YYMainViewController.m in Sources */ = {isa = PBXBuildFile; fileRef = 1189CFF22179792C00E1CE5C /* YYMainViewController.m */; };
		1189CFF62179792C00E1CE5C /* Main.storyboard in Resources */ = {isa = PBXBuildFile; fileRef = 1189CFF42179792C00E1CE5C /* Main.storyboard */; };
		1189CFF82179792E00E1CE5C /* Assets.xcassets in Resources */ = {isa = PBXBuildFile; fileRef = 1189CFF72179792E00E1CE5C /* Assets.xcassets */; };
		1189CFFB2179792E00E1CE5C /* LaunchScreen.storyboard in Resources */ = {isa = PBXBuildFile; fileRef = 1189CFF92179792E00E1CE5C /* LaunchScreen.storyboard */; };
		1189CFFE2179792E00E1CE5C /* main.m in Sources */ = {isa = PBXBuildFile; fileRef = 1189CFFD2179792E00E1CE5C /* main.m */; };
		1189D0082179792E00E1CE5C /* YYReactiveObjCTests.m in Sources */ = {isa = PBXBuildFile; fileRef = 1189D0072179792E00E1CE5C /* YYReactiveObjCTests.m */; };
		1189D0132179792E00E1CE5C /* YYReactiveObjCUITests.m in Sources */ = {isa = PBXBuildFile; fileRef = 1189D0122179792E00E1CE5C /* YYReactiveObjCUITests.m */; };
		11A29AEC21AA9FF90082AC33 /* YYBlockBasicController.m in Sources */ = {isa = PBXBuildFile; fileRef = 11A29AEB21AA9FF90082AC33 /* YYBlockBasicController.m */; };
		11A29AF021AAA2F10082AC33 /* YYBlockModel.m in Sources */ = {isa = PBXBuildFile; fileRef = 11A29AEF21AAA2F10082AC33 /* YYBlockModel.m */; };
		11D0131C219E530600B2ABB2 /* YYRACSignalController.m in Sources */ = {isa = PBXBuildFile; fileRef = 11D0131B219E530600B2ABB2 /* YYRACSignalController.m */; };
		11F12F6521A8154600073089 /* RACDisposableController.m in Sources */ = {isa = PBXBuildFile; fileRef = 11F12F6321A8154600073089 /* RACDisposableController.m */; };
		11F12F6621A8154600073089 /* RACDisposableController.xib in Resources */ = {isa = PBXBuildFile; fileRef = 11F12F6421A8154600073089 /* RACDisposableController.xib */; };
		8559295589F86CCF29D9C55A /* libPods-YYReactiveObjC.a in Frameworks */ = {isa = PBXBuildFile; fileRef = 3C91AA7C6FD9EC98F1911019 /* libPods-YYReactiveObjC.a */; };
/* End PBXBuildFile section */

/* Begin PBXContainerItemProxy section */
		1189D0042179792E00E1CE5C /* PBXContainerItemProxy */ = {
			isa = PBXContainerItemProxy;
			containerPortal = 1189CFE32179792B00E1CE5C /* Project object */;
			proxyType = 1;
			remoteGlobalIDString = 1189CFEA2179792B00E1CE5C;
			remoteInfo = YYReactiveObjC;
		};
		1189D00F2179792E00E1CE5C /* PBXContainerItemProxy */ = {
			isa = PBXContainerItemProxy;
			containerPortal = 1189CFE32179792B00E1CE5C /* Project object */;
			proxyType = 1;
			remoteGlobalIDString = 1189CFEA2179792B00E1CE5C;
			remoteInfo = YYReactiveObjC;
		};
/* End PBXContainerItemProxy section */

/* Begin PBXFileReference section */
		1160B4942189CFBF0018A512 /* RACBasicViewController.h */ = {isa = PBXFileReference; lastKnownFileType = sourcecode.c.h; path = RACBasicViewController.h; sourceTree = "<group>"; };
		1160B4952189CFBF0018A512 /* RACBasicViewController.m */ = {isa = PBXFileReference; lastKnownFileType = sourcecode.c.objc; path = RACBasicViewController.m; sourceTree = "<group>"; };
		1160B49C2189D06C0018A512 /* RACBasicViewController.xib */ = {isa = PBXFileReference; lastKnownFileType = file.xib; path = RACBasicViewController.xib; sourceTree = "<group>"; };
		11645575218B2498008C3470 /* YYModel.h */ = {isa = PBXFileReference; lastKnownFileType = sourcecode.c.h; path = YYModel.h; sourceTree = "<group>"; };
		11645576218B2498008C3470 /* YYModel.m */ = {isa = PBXFileReference; lastKnownFileType = sourcecode.c.objc; path = YYModel.m; sourceTree = "<group>"; };
		1164557B218B2824008C3470 /* RACSignalViewController.h */ = {isa = PBXFileReference; lastKnownFileType = sourcecode.c.h; path = RACSignalViewController.h; sourceTree = "<group>"; };
		1164557C218B2824008C3470 /* RACSignalViewController.m */ = {isa = PBXFileReference; lastKnownFileType = sourcecode.c.objc; path = RACSignalViewController.m; sourceTree = "<group>"; };
		1164557D218B2824008C3470 /* RACSignalViewController.xib */ = {isa = PBXFileReference; lastKnownFileType = file.xib; path = RACSignalViewController.xib; sourceTree = "<group>"; };
		1165613C218C17BB00DA17A6 /* RACCommandViewController.h */ = {isa = PBXFileReference; lastKnownFileType = sourcecode.c.h; path = RACCommandViewController.h; sourceTree = "<group>"; };
		1165613D218C17BB00DA17A6 /* RACCommandViewController.m */ = {isa = PBXFileReference; lastKnownFileType = sourcecode.c.objc; path = RACCommandViewController.m; sourceTree = "<group>"; };
		1165613E218C17BB00DA17A6 /* RACCommandViewController.xib */ = {isa = PBXFileReference; lastKnownFileType = file.xib; path = RACCommandViewController.xib; sourceTree = "<group>"; };
		116EB42221894385004C4862 /* YYMainTableViewCell.xib */ = {isa = PBXFileReference; fileEncoding = 4; lastKnownFileType = file.xib; path = YYMainTableViewCell.xib; sourceTree = "<group>"; };
		116EB42321894385004C4862 /* YYMainTableViewCell.h */ = {isa = PBXFileReference; fileEncoding = 4; lastKnownFileType = sourcecode.c.h; path = YYMainTableViewCell.h; sourceTree = "<group>"; };
		116EB42421894385004C4862 /* YYMainTableViewCell.m */ = {isa = PBXFileReference; fileEncoding = 4; lastKnownFileType = sourcecode.c.objc; path = YYMainTableViewCell.m; sourceTree = "<group>"; };
		116EB4272189440E004C4862 /* RACButtonViewController.h */ = {isa = PBXFileReference; lastKnownFileType = sourcecode.c.h; path = RACButtonViewController.h; sourceTree = "<group>"; };
		116EB4282189440E004C4862 /* RACButtonViewController.m */ = {isa = PBXFileReference; lastKnownFileType = sourcecode.c.objc; path = RACButtonViewController.m; sourceTree = "<group>"; };
		116EB42D21895073004C4862 /* UIColor+Category.h */ = {isa = PBXFileReference; lastKnownFileType = sourcecode.c.h; path = "UIColor+Category.h"; sourceTree = "<group>"; };
		116EB42E21895073004C4862 /* UIColor+Category.m */ = {isa = PBXFileReference; lastKnownFileType = sourcecode.c.objc; path = "UIColor+Category.m"; sourceTree = "<group>"; };
		1189CFEB2179792B00E1CE5C /* YYReactiveObjC.app */ = {isa = PBXFileReference; explicitFileType = wrapper.application; includeInIndex = 0; path = YYReactiveObjC.app; sourceTree = BUILT_PRODUCTS_DIR; };
		1189CFEE2179792C00E1CE5C /* YYAppDelegate.h */ = {isa = PBXFileReference; lastKnownFileType = sourcecode.c.h; path = YYAppDelegate.h; sourceTree = "<group>"; };
		1189CFEF2179792C00E1CE5C /* YYAppDelegate.m */ = {isa = PBXFileReference; lastKnownFileType = sourcecode.c.objc; path = YYAppDelegate.m; sourceTree = "<group>"; };
		1189CFF12179792C00E1CE5C /* YYMainViewController.h */ = {isa = PBXFileReference; lastKnownFileType = sourcecode.c.h; path = YYMainViewController.h; sourceTree = "<group>"; };
		1189CFF22179792C00E1CE5C /* YYMainViewController.m */ = {isa = PBXFileReference; lastKnownFileType = sourcecode.c.objc; path = YYMainViewController.m; sourceTree = "<group>"; };
		1189CFF52179792C00E1CE5C /* Base */ = {isa = PBXFileReference; lastKnownFileType = file.storyboard; name = Base; path = Base.lproj/Main.storyboard; sourceTree = "<group>"; };
		1189CFF72179792E00E1CE5C /* Assets.xcassets */ = {isa = PBXFileReference; lastKnownFileType = folder.assetcatalog; path = Assets.xcassets; sourceTree = "<group>"; };
		1189CFFA2179792E00E1CE5C /* Base */ = {isa = PBXFileReference; lastKnownFileType = file.storyboard; name = Base; path = Base.lproj/LaunchScreen.storyboard; sourceTree = "<group>"; };
		1189CFFC2179792E00E1CE5C /* Info.plist */ = {isa = PBXFileReference; lastKnownFileType = text.plist.xml; path = Info.plist; sourceTree = "<group>"; };
		1189CFFD2179792E00E1CE5C /* main.m */ = {isa = PBXFileReference; lastKnownFileType = sourcecode.c.objc; path = main.m; sourceTree = "<group>"; };
		1189D0032179792E00E1CE5C /* YYReactiveObjCTests.xctest */ = {isa = PBXFileReference; explicitFileType = wrapper.cfbundle; includeInIndex = 0; path = YYReactiveObjCTests.xctest; sourceTree = BUILT_PRODUCTS_DIR; };
		1189D0072179792E00E1CE5C /* YYReactiveObjCTests.m */ = {isa = PBXFileReference; lastKnownFileType = sourcecode.c.objc; path = YYReactiveObjCTests.m; sourceTree = "<group>"; };
		1189D0092179792E00E1CE5C /* Info.plist */ = {isa = PBXFileReference; lastKnownFileType = text.plist.xml; path = Info.plist; sourceTree = "<group>"; };
		1189D00E2179792E00E1CE5C /* YYReactiveObjCUITests.xctest */ = {isa = PBXFileReference; explicitFileType = wrapper.cfbundle; includeInIndex = 0; path = YYReactiveObjCUITests.xctest; sourceTree = BUILT_PRODUCTS_DIR; };
		1189D0122179792E00E1CE5C /* YYReactiveObjCUITests.m */ = {isa = PBXFileReference; lastKnownFileType = sourcecode.c.objc; path = YYReactiveObjCUITests.m; sourceTree = "<group>"; };
		1189D0142179792E00E1CE5C /* Info.plist */ = {isa = PBXFileReference; lastKnownFileType = text.plist.xml; path = Info.plist; sourceTree = "<group>"; };
		1189D02321797A7400E1CE5C /* PrefixHeader.pch */ = {isa = PBXFileReference; lastKnownFileType = sourcecode.c.h; path = PrefixHeader.pch; sourceTree = "<group>"; };
		11A29AEA21AA9FF90082AC33 /* YYBlockBasicController.h */ = {isa = PBXFileReference; lastKnownFileType = sourcecode.c.h; path = YYBlockBasicController.h; sourceTree = "<group>"; };
		11A29AEB21AA9FF90082AC33 /* YYBlockBasicController.m */ = {isa = PBXFileReference; lastKnownFileType = sourcecode.c.objc; path = YYBlockBasicController.m; sourceTree = "<group>"; };
		11A29AEE21AAA2F10082AC33 /* YYBlockModel.h */ = {isa = PBXFileReference; lastKnownFileType = sourcecode.c.h; path = YYBlockModel.h; sourceTree = "<group>"; };
		11A29AEF21AAA2F10082AC33 /* YYBlockModel.m */ = {isa = PBXFileReference; lastKnownFileType = sourcecode.c.objc; path = YYBlockModel.m; sourceTree = "<group>"; };
		11D0131A219E530600B2ABB2 /* YYRACSignalController.h */ = {isa = PBXFileReference; lastKnownFileType = sourcecode.c.h; path = YYRACSignalController.h; sourceTree = "<group>"; };
		11D0131B219E530600B2ABB2 /* YYRACSignalController.m */ = {isa = PBXFileReference; lastKnownFileType = sourcecode.c.objc; path = YYRACSignalController.m; sourceTree = "<group>"; };
		11F12F6221A8154600073089 /* RACDisposableController.h */ = {isa = PBXFileReference; lastKnownFileType = sourcecode.c.h; path = RACDisposableController.h; sourceTree = "<group>"; };
		11F12F6321A8154600073089 /* RACDisposableController.m */ = {isa = PBXFileReference; lastKnownFileType = sourcecode.c.objc; path = RACDisposableController.m; sourceTree = "<group>"; };
		11F12F6421A8154600073089 /* RACDisposableController.xib */ = {isa = PBXFileReference; lastKnownFileType = file.xib; path = RACDisposableController.xib; sourceTree = "<group>"; };
		3C91AA7C6FD9EC98F1911019 /* libPods-YYReactiveObjC.a */ = {isa = PBXFileReference; explicitFileType = archive.ar; includeInIndex = 0; path = "libPods-YYReactiveObjC.a"; sourceTree = BUILT_PRODUCTS_DIR; };
		52DDAFA490FB48233C3A65A1 /* Pods-YYReactiveObjC.debug.xcconfig */ = {isa = PBXFileReference; includeInIndex = 1; lastKnownFileType = text.xcconfig; name = "Pods-YYReactiveObjC.debug.xcconfig"; path = "Pods/Target Support Files/Pods-YYReactiveObjC/Pods-YYReactiveObjC.debug.xcconfig"; sourceTree = "<group>"; };
		DD23A3C831863775E923509A /* Pods-YYReactiveObjC.release.xcconfig */ = {isa = PBXFileReference; includeInIndex = 1; lastKnownFileType = text.xcconfig; name = "Pods-YYReactiveObjC.release.xcconfig"; path = "Pods/Target Support Files/Pods-YYReactiveObjC/Pods-YYReactiveObjC.release.xcconfig"; sourceTree = "<group>"; };
/* End PBXFileReference section */

/* Begin PBXFrameworksBuildPhase section */
		1189CFE82179792B00E1CE5C /* Frameworks */ = {
			isa = PBXFrameworksBuildPhase;
			buildActionMask = 2147483647;
			files = (
				8559295589F86CCF29D9C55A /* libPods-YYReactiveObjC.a in Frameworks */,
			);
			runOnlyForDeploymentPostprocessing = 0;
		};
		1189D0002179792E00E1CE5C /* Frameworks */ = {
			isa = PBXFrameworksBuildPhase;
			buildActionMask = 2147483647;
			files = (
			);
			runOnlyForDeploymentPostprocessing = 0;
		};
		1189D00B2179792E00E1CE5C /* Frameworks */ = {
			isa = PBXFrameworksBuildPhase;
			buildActionMask = 2147483647;
			files = (
			);
			runOnlyForDeploymentPostprocessing = 0;
		};
/* End PBXFrameworksBuildPhase section */

/* Begin PBXGroup section */
		089BD97A0FD27062FBCA5C59 /* Frameworks */ = {
			isa = PBXGroup;
			children = (
				3C91AA7C6FD9EC98F1911019 /* libPods-YYReactiveObjC.a */,
			);
			name = Frameworks;
			sourceTree = "<group>";
		};
		1160B4932189CF980018A512 /* RACObserve */ = {
			isa = PBXGroup;
			children = (
				1160B4972189CFC20018A512 /* Controller */,
				11645574218B2465008C3470 /* Model */,
			);
			path = RACObserve;
			sourceTree = "<group>";
		};
		1160B4972189CFC20018A512 /* Controller */ = {
			isa = PBXGroup;
			children = (
				1160B4942189CFBF0018A512 /* RACBasicViewController.h */,
				1160B4952189CFBF0018A512 /* RACBasicViewController.m */,
				1160B49C2189D06C0018A512 /* RACBasicViewController.xib */,
			);
			path = Controller;
			sourceTree = "<group>";
		};
		11645574218B2465008C3470 /* Model */ = {
			isa = PBXGroup;
			children = (
				11645575218B2498008C3470 /* YYModel.h */,
				11645576218B2498008C3470 /* YYModel.m */,
			);
			path = Model;
			sourceTree = "<group>";
		};
		11645578218B27D7008C3470 /* RACSignal和RAC宏 */ = {
			isa = PBXGroup;
			children = (
				11645579218B2806008C3470 /* Controller */,
			);
			path = "RACSignal和RAC宏";
			sourceTree = "<group>";
		};
		11645579218B2806008C3470 /* Controller */ = {
			isa = PBXGroup;
			children = (
				1164557B218B2824008C3470 /* RACSignalViewController.h */,
				1164557C218B2824008C3470 /* RACSignalViewController.m */,
				1164557D218B2824008C3470 /* RACSignalViewController.xib */,
			);
			path = Controller;
			sourceTree = "<group>";
		};
		1165613A218C179000DA17A6 /* RACCommand */ = {
			isa = PBXGroup;
			children = (
				1165613B218C17A600DA17A6 /* Controller */,
			);
			path = RACCommand;
			sourceTree = "<group>";
		};
		1165613B218C17A600DA17A6 /* Controller */ = {
			isa = PBXGroup;
			children = (
				1165613C218C17BB00DA17A6 /* RACCommandViewController.h */,
				1165613D218C17BB00DA17A6 /* RACCommandViewController.m */,
				1165613E218C17BB00DA17A6 /* RACCommandViewController.xib */,
			);
			path = Controller;
			sourceTree = "<group>";
		};
		116EB41F218942EA004C4862 /* Button */ = {
			isa = PBXGroup;
			children = (
				116EB42A21894845004C4862 /* Controller */,
			);
			path = Button;
			sourceTree = "<group>";
		};
		116EB42021894369004C4862 /* Controller */ = {
			isa = PBXGroup;
			children = (
				1189CFF12179792C00E1CE5C /* YYMainViewController.h */,
				1189CFF22179792C00E1CE5C /* YYMainViewController.m */,
			);
			path = Controller;
			sourceTree = "<group>";
		};
		116EB42121894371004C4862 /* View */ = {
			isa = PBXGroup;
			children = (
				116EB42321894385004C4862 /* YYMainTableViewCell.h */,
				116EB42421894385004C4862 /* YYMainTableViewCell.m */,
				116EB42221894385004C4862 /* YYMainTableViewCell.xib */,
			);
			path = View;
			sourceTree = "<group>";
		};
		116EB42A21894845004C4862 /* Controller */ = {
			isa = PBXGroup;
			children = (
				116EB4272189440E004C4862 /* RACButtonViewController.h */,
				116EB4282189440E004C4862 /* RACButtonViewController.m */,
			);
			path = Controller;
			sourceTree = "<group>";
		};
		116EB42C2189504D004C4862 /* UIColor分类 */ = {
			isa = PBXGroup;
			children = (
				116EB42D21895073004C4862 /* UIColor+Category.h */,
				116EB42E21895073004C4862 /* UIColor+Category.m */,
			);
			path = "UIColor分类";
			sourceTree = "<group>";
		};
		1189CFE22179792B00E1CE5C = {
			isa = PBXGroup;
			children = (
				1189CFED2179792B00E1CE5C /* YYReactiveObjC */,
				1189D0062179792E00E1CE5C /* YYReactiveObjCTests */,
				1189D0112179792E00E1CE5C /* YYReactiveObjCUITests */,
				1189CFEC2179792B00E1CE5C /* Products */,
				A8A406735D6EBFC7A92497D5 /* Pods */,
				089BD97A0FD27062FBCA5C59 /* Frameworks */,
			);
			sourceTree = "<group>";
		};
		1189CFEC2179792B00E1CE5C /* Products */ = {
			isa = PBXGroup;
			children = (
				1189CFEB2179792B00E1CE5C /* YYReactiveObjC.app */,
				1189D0032179792E00E1CE5C /* YYReactiveObjCTests.xctest */,
				1189D00E2179792E00E1CE5C /* YYReactiveObjCUITests.xctest */,
			);
			name = Products;
			sourceTree = "<group>";
		};
		1189CFED2179792B00E1CE5C /* YYReactiveObjC */ = {
			isa = PBXGroup;
			children = (
				116EB42C2189504D004C4862 /* UIColor分类 */,
				1189D0202179794700E1CE5C /* AppDelegate */,
				1189D0212179795F00E1CE5C /* Main */,
				11A29AE821AA9FC60082AC33 /* Block基础知识 */,
				11D01317219E52C900B2ABB2 /* RACSignal */,
				11F12F6021A8151A00073089 /* RACDisposable */,
				1160B4932189CF980018A512 /* RACObserve */,
				11645578218B27D7008C3470 /* RACSignal和RAC宏 */,
				1165613A218C179000DA17A6 /* RACCommand */,
				116EB41F218942EA004C4862 /* Button */,
				1189D0222179797000E1CE5C /* Other */,
			);
			path = YYReactiveObjC;
			sourceTree = "<group>";
		};
		1189D0062179792E00E1CE5C /* YYReactiveObjCTests */ = {
			isa = PBXGroup;
			children = (
				1189D0072179792E00E1CE5C /* YYReactiveObjCTests.m */,
				1189D0092179792E00E1CE5C /* Info.plist */,
			);
			path = YYReactiveObjCTests;
			sourceTree = "<group>";
		};
		1189D0112179792E00E1CE5C /* YYReactiveObjCUITests */ = {
			isa = PBXGroup;
			children = (
				1189D0122179792E00E1CE5C /* YYReactiveObjCUITests.m */,
				1189D0142179792E00E1CE5C /* Info.plist */,
			);
			path = YYReactiveObjCUITests;
			sourceTree = "<group>";
		};
		1189D0202179794700E1CE5C /* AppDelegate */ = {
			isa = PBXGroup;
			children = (
				1189CFEE2179792C00E1CE5C /* YYAppDelegate.h */,
				1189CFEF2179792C00E1CE5C /* YYAppDelegate.m */,
			);
			path = AppDelegate;
			sourceTree = "<group>";
		};
		1189D0212179795F00E1CE5C /* Main */ = {
			isa = PBXGroup;
			children = (
				116EB42021894369004C4862 /* Controller */,
				116EB42121894371004C4862 /* View */,
			);
			path = Main;
			sourceTree = "<group>";
		};
		1189D0222179797000E1CE5C /* Other */ = {
			isa = PBXGroup;
			children = (
				1189CFFC2179792E00E1CE5C /* Info.plist */,
				1189CFFD2179792E00E1CE5C /* main.m */,
				1189CFF42179792C00E1CE5C /* Main.storyboard */,
				1189CFF72179792E00E1CE5C /* Assets.xcassets */,
				1189CFF92179792E00E1CE5C /* LaunchScreen.storyboard */,
				1189D02321797A7400E1CE5C /* PrefixHeader.pch */,
			);
			path = Other;
			sourceTree = "<group>";
		};
		11A29AE821AA9FC60082AC33 /* Block基础知识 */ = {
			isa = PBXGroup;
			children = (
				11A29AE921AA9FDB0082AC33 /* Controller */,
				11A29AED21AAA2D90082AC33 /* Model */,
			);
			path = "Block基础知识";
			sourceTree = "<group>";
		};
		11A29AE921AA9FDB0082AC33 /* Controller */ = {
			isa = PBXGroup;
			children = (
				11A29AEA21AA9FF90082AC33 /* YYBlockBasicController.h */,
				11A29AEB21AA9FF90082AC33 /* YYBlockBasicController.m */,
			);
			path = Controller;
			sourceTree = "<group>";
		};
		11A29AED21AAA2D90082AC33 /* Model */ = {
			isa = PBXGroup;
			children = (
				11A29AEE21AAA2F10082AC33 /* YYBlockModel.h */,
				11A29AEF21AAA2F10082AC33 /* YYBlockModel.m */,
			);
			path = Model;
			sourceTree = "<group>";
		};
		11D01317219E52C900B2ABB2 /* RACSignal */ = {
			isa = PBXGroup;
			children = (
				11D01318219E52DB00B2ABB2 /* Controller */,
			);
			path = RACSignal;
			sourceTree = "<group>";
		};
		11D01318219E52DB00B2ABB2 /* Controller */ = {
			isa = PBXGroup;
			children = (
				11D0131A219E530600B2ABB2 /* YYRACSignalController.h */,
				11D0131B219E530600B2ABB2 /* YYRACSignalController.m */,
			);
			path = Controller;
			sourceTree = "<group>";
		};
		11F12F6021A8151A00073089 /* RACDisposable */ = {
			isa = PBXGroup;
			children = (
				11F12F6121A8152400073089 /* Controller */,
			);
			path = RACDisposable;
			sourceTree = "<group>";
		};
		11F12F6121A8152400073089 /* Controller */ = {
			isa = PBXGroup;
			children = (
				11F12F6221A8154600073089 /* RACDisposableController.h */,
				11F12F6321A8154600073089 /* RACDisposableController.m */,
				11F12F6421A8154600073089 /* RACDisposableController.xib */,
			);
			path = Controller;
			sourceTree = "<group>";
		};
		A8A406735D6EBFC7A92497D5 /* Pods */ = {
			isa = PBXGroup;
			children = (
				52DDAFA490FB48233C3A65A1 /* Pods-YYReactiveObjC.debug.xcconfig */,
				DD23A3C831863775E923509A /* Pods-YYReactiveObjC.release.xcconfig */,
			);
			name = Pods;
			sourceTree = "<group>";
		};
/* End PBXGroup section */

/* Begin PBXNativeTarget section */
		1189CFEA2179792B00E1CE5C /* YYReactiveObjC */ = {
			isa = PBXNativeTarget;
			buildConfigurationList = 1189D0172179792E00E1CE5C /* Build configuration list for PBXNativeTarget "YYReactiveObjC" */;
			buildPhases = (
				86CF91DB85A7680455AF3252 /* [CP] Check Pods Manifest.lock */,
				1189CFE72179792B00E1CE5C /* Sources */,
				1189CFE82179792B00E1CE5C /* Frameworks */,
				1189CFE92179792B00E1CE5C /* Resources */,
				ECE256BACC1EC239D5D3519C /* [CP] Copy Pods Resources */,
			);
			buildRules = (
			);
			dependencies = (
			);
			name = YYReactiveObjC;
			productName = YYReactiveObjC;
			productReference = 1189CFEB2179792B00E1CE5C /* YYReactiveObjC.app */;
			productType = "com.apple.product-type.application";
		};
		1189D0022179792E00E1CE5C /* YYReactiveObjCTests */ = {
			isa = PBXNativeTarget;
			buildConfigurationList = 1189D01A2179792E00E1CE5C /* Build configuration list for PBXNativeTarget "YYReactiveObjCTests" */;
			buildPhases = (
				1189CFFF2179792E00E1CE5C /* Sources */,
				1189D0002179792E00E1CE5C /* Frameworks */,
				1189D0012179792E00E1CE5C /* Resources */,
			);
			buildRules = (
			);
			dependencies = (
				1189D0052179792E00E1CE5C /* PBXTargetDependency */,
			);
			name = YYReactiveObjCTests;
			productName = YYReactiveObjCTests;
			productReference = 1189D0032179792E00E1CE5C /* YYReactiveObjCTests.xctest */;
			productType = "com.apple.product-type.bundle.unit-test";
		};
		1189D00D2179792E00E1CE5C /* YYReactiveObjCUITests */ = {
			isa = PBXNativeTarget;
			buildConfigurationList = 1189D01D2179792E00E1CE5C /* Build configuration list for PBXNativeTarget "YYReactiveObjCUITests" */;
			buildPhases = (
				1189D00A2179792E00E1CE5C /* Sources */,
				1189D00B2179792E00E1CE5C /* Frameworks */,
				1189D00C2179792E00E1CE5C /* Resources */,
			);
			buildRules = (
			);
			dependencies = (
				1189D0102179792E00E1CE5C /* PBXTargetDependency */,
			);
			name = YYReactiveObjCUITests;
			productName = YYReactiveObjCUITests;
			productReference = 1189D00E2179792E00E1CE5C /* YYReactiveObjCUITests.xctest */;
			productType = "com.apple.product-type.bundle.ui-testing";
		};
/* End PBXNativeTarget section */

/* Begin PBXProject section */
		1189CFE32179792B00E1CE5C /* Project object */ = {
			isa = PBXProject;
			attributes = {
				LastUpgradeCheck = 0940;
				ORGANIZATIONNAME = winwayworld;
				TargetAttributes = {
					1189CFEA2179792B00E1CE5C = {
						CreatedOnToolsVersion = 9.4.1;
					};
					1189D0022179792E00E1CE5C = {
						CreatedOnToolsVersion = 9.4.1;
						TestTargetID = 1189CFEA2179792B00E1CE5C;
					};
					1189D00D2179792E00E1CE5C = {
						CreatedOnToolsVersion = 9.4.1;
						TestTargetID = 1189CFEA2179792B00E1CE5C;
					};
				};
			};
			buildConfigurationList = 1189CFE62179792B00E1CE5C /* Build configuration list for PBXProject "YYReactiveObjC" */;
			compatibilityVersion = "Xcode 9.3";
			developmentRegion = en;
			hasScannedForEncodings = 0;
			knownRegions = (
				en,
				Base,
			);
			mainGroup = 1189CFE22179792B00E1CE5C;
			productRefGroup = 1189CFEC2179792B00E1CE5C /* Products */;
			projectDirPath = "";
			projectRoot = "";
			targets = (
				1189CFEA2179792B00E1CE5C /* YYReactiveObjC */,
				1189D0022179792E00E1CE5C /* YYReactiveObjCTests */,
				1189D00D2179792E00E1CE5C /* YYReactiveObjCUITests */,
			);
		};
/* End PBXProject section */

/* Begin PBXResourcesBuildPhase section */
		1189CFE92179792B00E1CE5C /* Resources */ = {
			isa = PBXResourcesBuildPhase;
			buildActionMask = 2147483647;
			files = (
				1189CFFB2179792E00E1CE5C /* LaunchScreen.storyboard in Resources */,
				1164557F218B2824008C3470 /* RACSignalViewController.xib in Resources */,
				1189CFF82179792E00E1CE5C /* Assets.xcassets in Resources */,
				116EB42521894385004C4862 /* YYMainTableViewCell.xib in Resources */,
				11F12F6621A8154600073089 /* RACDisposableController.xib in Resources */,
				11656140218C17BB00DA17A6 /* RACCommandViewController.xib in Resources */,
				1160B49E2189D06C0018A512 /* RACBasicViewController.xib in Resources */,
				1189CFF62179792C00E1CE5C /* Main.storyboard in Resources */,
			);
			runOnlyForDeploymentPostprocessing = 0;
		};
		1189D0012179792E00E1CE5C /* Resources */ = {
			isa = PBXResourcesBuildPhase;
			buildActionMask = 2147483647;
			files = (
			);
			runOnlyForDeploymentPostprocessing = 0;
		};
		1189D00C2179792E00E1CE5C /* Resources */ = {
			isa = PBXResourcesBuildPhase;
			buildActionMask = 2147483647;
			files = (
			);
			runOnlyForDeploymentPostprocessing = 0;
		};
/* End PBXResourcesBuildPhase section */

/* Begin PBXShellScriptBuildPhase section */
		86CF91DB85A7680455AF3252 /* [CP] Check Pods Manifest.lock */ = {
			isa = PBXShellScriptBuildPhase;
			buildActionMask = 2147483647;
			files = (
			);
			inputPaths = (
				"${PODS_PODFILE_DIR_PATH}/Podfile.lock",
				"${PODS_ROOT}/Manifest.lock",
			);
			name = "[CP] Check Pods Manifest.lock";
			outputPaths = (
				"$(DERIVED_FILE_DIR)/Pods-YYReactiveObjC-checkManifestLockResult.txt",
			);
			runOnlyForDeploymentPostprocessing = 0;
			shellPath = /bin/sh;
			shellScript = "diff \"${PODS_PODFILE_DIR_PATH}/Podfile.lock\" \"${PODS_ROOT}/Manifest.lock\" > /dev/null\nif [ $? != 0 ] ; then\n    # print error to STDERR\n    echo \"error: The sandbox is not in sync with the Podfile.lock. Run 'pod install' or update your CocoaPods installation.\" >&2\n    exit 1\nfi\n# This output is used by Xcode 'outputs' to avoid re-running this script phase.\necho \"SUCCESS\" > \"${SCRIPT_OUTPUT_FILE_0}\"\n";
			showEnvVarsInLog = 0;
		};
		ECE256BACC1EC239D5D3519C /* [CP] Copy Pods Resources */ = {
			isa = PBXShellScriptBuildPhase;
			buildActionMask = 2147483647;
			files = (
			);
			inputPaths = (
				"${SRCROOT}/Pods/Target Support Files/Pods-YYReactiveObjC/Pods-YYReactiveObjC-resources.sh",
				"${PODS_ROOT}/IQKeyboardManager/IQKeyboardManager/Resources/IQKeyboardManager.bundle",
			);
			name = "[CP] Copy Pods Resources";
			outputPaths = (
				"${TARGET_BUILD_DIR}/${UNLOCALIZED_RESOURCES_FOLDER_PATH}/IQKeyboardManager.bundle",
			);
			runOnlyForDeploymentPostprocessing = 0;
			shellPath = /bin/sh;
			shellScript = "\"${SRCROOT}/Pods/Target Support Files/Pods-YYReactiveObjC/Pods-YYReactiveObjC-resources.sh\"\n";
			showEnvVarsInLog = 0;
		};
/* End PBXShellScriptBuildPhase section */

/* Begin PBXSourcesBuildPhase section */
		1189CFE72179792B00E1CE5C /* Sources */ = {
			isa = PBXSourcesBuildPhase;
			buildActionMask = 2147483647;
			files = (
				11F12F6521A8154600073089 /* RACDisposableController.m in Sources */,
				116EB4292189440E004C4862 /* RACButtonViewController.m in Sources */,
				1189CFF32179792C00E1CE5C /* YYMainViewController.m in Sources */,
				11A29AEC21AA9FF90082AC33 /* YYBlockBasicController.m in Sources */,
				1189CFFE2179792E00E1CE5C /* main.m in Sources */,
				11A29AF021AAA2F10082AC33 /* YYBlockModel.m in Sources */,
				1160B4962189CFBF0018A512 /* RACBasicViewController.m in Sources */,
				1164557E218B2824008C3470 /* RACSignalViewController.m in Sources */,
				1165613F218C17BB00DA17A6 /* RACCommandViewController.m in Sources */,
				11D0131C219E530600B2ABB2 /* YYRACSignalController.m in Sources */,
				116EB42621894385004C4862 /* YYMainTableViewCell.m in Sources */,
				1189CFF02179792C00E1CE5C /* YYAppDelegate.m in Sources */,
				116EB42F21895073004C4862 /* UIColor+Category.m in Sources */,
				11645577218B2498008C3470 /* YYModel.m in Sources */,
			);
			runOnlyForDeploymentPostprocessing = 0;
		};
		1189CFFF2179792E00E1CE5C /* Sources */ = {
			isa = PBXSourcesBuildPhase;
			buildActionMask = 2147483647;
			files = (
				1189D0082179792E00E1CE5C /* YYReactiveObjCTests.m in Sources */,
			);
			runOnlyForDeploymentPostprocessing = 0;
		};
		1189D00A2179792E00E1CE5C /* Sources */ = {
			isa = PBXSourcesBuildPhase;
			buildActionMask = 2147483647;
			files = (
				1189D0132179792E00E1CE5C /* YYReactiveObjCUITests.m in Sources */,
			);
			runOnlyForDeploymentPostprocessing = 0;
		};
/* End PBXSourcesBuildPhase section */

/* Begin PBXTargetDependency section */
		1189D0052179792E00E1CE5C /* PBXTargetDependency */ = {
			isa = PBXTargetDependency;
			target = 1189CFEA2179792B00E1CE5C /* YYReactiveObjC */;
			targetProxy = 1189D0042179792E00E1CE5C /* PBXContainerItemProxy */;
		};
		1189D0102179792E00E1CE5C /* PBXTargetDependency */ = {
			isa = PBXTargetDependency;
			target = 1189CFEA2179792B00E1CE5C /* YYReactiveObjC */;
			targetProxy = 1189D00F2179792E00E1CE5C /* PBXContainerItemProxy */;
		};
/* End PBXTargetDependency section */

/* Begin PBXVariantGroup section */
		1189CFF42179792C00E1CE5C /* Main.storyboard */ = {
			isa = PBXVariantGroup;
			children = (
				1189CFF52179792C00E1CE5C /* Base */,
			);
			name = Main.storyboard;
			sourceTree = "<group>";
		};
		1189CFF92179792E00E1CE5C /* LaunchScreen.storyboard */ = {
			isa = PBXVariantGroup;
			children = (
				1189CFFA2179792E00E1CE5C /* Base */,
			);
			name = LaunchScreen.storyboard;
			sourceTree = "<group>";
		};
/* End PBXVariantGroup section */

/* Begin XCBuildConfiguration section */
		1189D0152179792E00E1CE5C /* Debug */ = {
			isa = XCBuildConfiguration;
			buildSettings = {
				ALWAYS_SEARCH_USER_PATHS = NO;
				CLANG_ANALYZER_NONNULL = YES;
				CLANG_ANALYZER_NUMBER_OBJECT_CONVERSION = YES_AGGRESSIVE;
				CLANG_CXX_LANGUAGE_STANDARD = "gnu++14";
				CLANG_CXX_LIBRARY = "libc++";
				CLANG_ENABLE_MODULES = YES;
				CLANG_ENABLE_OBJC_ARC = YES;
				CLANG_ENABLE_OBJC_WEAK = YES;
				CLANG_WARN_BLOCK_CAPTURE_AUTORELEASING = YES;
				CLANG_WARN_BOOL_CONVERSION = YES;
				CLANG_WARN_COMMA = YES;
				CLANG_WARN_CONSTANT_CONVERSION = YES;
				CLANG_WARN_DEPRECATED_OBJC_IMPLEMENTATIONS = YES;
				CLANG_WARN_DIRECT_OBJC_ISA_USAGE = YES_ERROR;
				CLANG_WARN_DOCUMENTATION_COMMENTS = YES;
				CLANG_WARN_EMPTY_BODY = YES;
				CLANG_WARN_ENUM_CONVERSION = YES;
				CLANG_WARN_INFINITE_RECURSION = YES;
				CLANG_WARN_INT_CONVERSION = YES;
				CLANG_WARN_NON_LITERAL_NULL_CONVERSION = YES;
				CLANG_WARN_OBJC_IMPLICIT_RETAIN_SELF = YES;
				CLANG_WARN_OBJC_LITERAL_CONVERSION = YES;
				CLANG_WARN_OBJC_ROOT_CLASS = YES_ERROR;
				CLANG_WARN_RANGE_LOOP_ANALYSIS = YES;
				CLANG_WARN_STRICT_PROTOTYPES = YES;
				CLANG_WARN_SUSPICIOUS_MOVE = YES;
				CLANG_WARN_UNGUARDED_AVAILABILITY = YES_AGGRESSIVE;
				CLANG_WARN_UNREACHABLE_CODE = YES;
				CLANG_WARN__DUPLICATE_METHOD_MATCH = YES;
				CODE_SIGN_IDENTITY = "iPhone Developer";
				COPY_PHASE_STRIP = NO;
				DEBUG_INFORMATION_FORMAT = dwarf;
				ENABLE_STRICT_OBJC_MSGSEND = YES;
				ENABLE_TESTABILITY = YES;
				GCC_C_LANGUAGE_STANDARD = gnu11;
				GCC_DYNAMIC_NO_PIC = NO;
				GCC_NO_COMMON_BLOCKS = YES;
				GCC_OPTIMIZATION_LEVEL = 0;
				GCC_PREPROCESSOR_DEFINITIONS = (
					"DEBUG=1",
					"$(inherited)",
				);
				GCC_WARN_64_TO_32_BIT_CONVERSION = YES;
				GCC_WARN_ABOUT_RETURN_TYPE = YES_ERROR;
				GCC_WARN_UNDECLARED_SELECTOR = YES;
				GCC_WARN_UNINITIALIZED_AUTOS = YES_AGGRESSIVE;
				GCC_WARN_UNUSED_FUNCTION = YES;
				GCC_WARN_UNUSED_VARIABLE = YES;
				IPHONEOS_DEPLOYMENT_TARGET = 11.4;
				MTL_ENABLE_DEBUG_INFO = YES;
				ONLY_ACTIVE_ARCH = YES;
				SDKROOT = iphoneos;
			};
			name = Debug;
		};
		1189D0162179792E00E1CE5C /* Release */ = {
			isa = XCBuildConfiguration;
			buildSettings = {
				ALWAYS_SEARCH_USER_PATHS = NO;
				CLANG_ANALYZER_NONNULL = YES;
				CLANG_ANALYZER_NUMBER_OBJECT_CONVERSION = YES_AGGRESSIVE;
				CLANG_CXX_LANGUAGE_STANDARD = "gnu++14";
				CLANG_CXX_LIBRARY = "libc++";
				CLANG_ENABLE_MODULES = YES;
				CLANG_ENABLE_OBJC_ARC = YES;
				CLANG_ENABLE_OBJC_WEAK = YES;
				CLANG_WARN_BLOCK_CAPTURE_AUTORELEASING = YES;
				CLANG_WARN_BOOL_CONVERSION = YES;
				CLANG_WARN_COMMA = YES;
				CLANG_WARN_CONSTANT_CONVERSION = YES;
				CLANG_WARN_DEPRECATED_OBJC_IMPLEMENTATIONS = YES;
				CLANG_WARN_DIRECT_OBJC_ISA_USAGE = YES_ERROR;
				CLANG_WARN_DOCUMENTATION_COMMENTS = YES;
				CLANG_WARN_EMPTY_BODY = YES;
				CLANG_WARN_ENUM_CONVERSION = YES;
				CLANG_WARN_INFINITE_RECURSION = YES;
				CLANG_WARN_INT_CONVERSION = YES;
				CLANG_WARN_NON_LITERAL_NULL_CONVERSION = YES;
				CLANG_WARN_OBJC_IMPLICIT_RETAIN_SELF = YES;
				CLANG_WARN_OBJC_LITERAL_CONVERSION = YES;
				CLANG_WARN_OBJC_ROOT_CLASS = YES_ERROR;
				CLANG_WARN_RANGE_LOOP_ANALYSIS = YES;
				CLANG_WARN_STRICT_PROTOTYPES = YES;
				CLANG_WARN_SUSPICIOUS_MOVE = YES;
				CLANG_WARN_UNGUARDED_AVAILABILITY = YES_AGGRESSIVE;
				CLANG_WARN_UNREACHABLE_CODE = YES;
				CLANG_WARN__DUPLICATE_METHOD_MATCH = YES;
				CODE_SIGN_IDENTITY = "iPhone Developer";
				COPY_PHASE_STRIP = NO;
				DEBUG_INFORMATION_FORMAT = "dwarf-with-dsym";
				ENABLE_NS_ASSERTIONS = NO;
				ENABLE_STRICT_OBJC_MSGSEND = YES;
				GCC_C_LANGUAGE_STANDARD = gnu11;
				GCC_NO_COMMON_BLOCKS = YES;
				GCC_WARN_64_TO_32_BIT_CONVERSION = YES;
				GCC_WARN_ABOUT_RETURN_TYPE = YES_ERROR;
				GCC_WARN_UNDECLARED_SELECTOR = YES;
				GCC_WARN_UNINITIALIZED_AUTOS = YES_AGGRESSIVE;
				GCC_WARN_UNUSED_FUNCTION = YES;
				GCC_WARN_UNUSED_VARIABLE = YES;
				IPHONEOS_DEPLOYMENT_TARGET = 11.4;
				MTL_ENABLE_DEBUG_INFO = NO;
				SDKROOT = iphoneos;
				VALIDATE_PRODUCT = YES;
			};
			name = Release;
		};
		1189D0182179792E00E1CE5C /* Debug */ = {
			isa = XCBuildConfiguration;
			baseConfigurationReference = 52DDAFA490FB48233C3A65A1 /* Pods-YYReactiveObjC.debug.xcconfig */;
			buildSettings = {
				ASSETCATALOG_COMPILER_APPICON_NAME = AppIcon;
				CODE_SIGN_STYLE = Automatic;
				DEVELOPMENT_TEAM = 59PVTAC458;
				GCC_PRECOMPILE_PREFIX_HEADER = YES;
				GCC_PREFIX_HEADER = "$(SRCROOT)/YYReactiveObjC/Other/PrefixHeader.pch";
				INFOPLIST_FILE = YYReactiveObjC/Other/Info.plist;
				LD_RUNPATH_SEARCH_PATHS = (
					"$(inherited)",
					"@executable_path/Frameworks",
				);
				PRODUCT_BUNDLE_IDENTIFIER = com.winwayworld.YYReactiveObjC;
				PRODUCT_NAME = "$(TARGET_NAME)";
				TARGETED_DEVICE_FAMILY = "1,2";
			};
			name = Debug;
		};
		1189D0192179792E00E1CE5C /* Release */ = {
			isa = XCBuildConfiguration;
			baseConfigurationReference = DD23A3C831863775E923509A /* Pods-YYReactiveObjC.release.xcconfig */;
			buildSettings = {
				ASSETCATALOG_COMPILER_APPICON_NAME = AppIcon;
				CODE_SIGN_STYLE = Automatic;
				DEVELOPMENT_TEAM = 59PVTAC458;
				GCC_PRECOMPILE_PREFIX_HEADER = YES;
				GCC_PREFIX_HEADER = "$(SRCROOT)/YYReactiveObjC/Other/PrefixHeader.pch";
				INFOPLIST_FILE = YYReactiveObjC/Other/Info.plist;
				LD_RUNPATH_SEARCH_PATHS = (
					"$(inherited)",
					"@executable_path/Frameworks",
				);
				PRODUCT_BUNDLE_IDENTIFIER = com.winwayworld.YYReactiveObjC;
				PRODUCT_NAME = "$(TARGET_NAME)";
				TARGETED_DEVICE_FAMILY = "1,2";
			};
			name = Release;
		};
		1189D01B2179792E00E1CE5C /* Debug */ = {
			isa = XCBuildConfiguration;
			buildSettings = {
				BUNDLE_LOADER = "$(TEST_HOST)";
				CODE_SIGN_STYLE = Automatic;
				DEVELOPMENT_TEAM = 59PVTAC458;
				INFOPLIST_FILE = YYReactiveObjCTests/Info.plist;
				LD_RUNPATH_SEARCH_PATHS = (
					"$(inherited)",
					"@executable_path/Frameworks",
					"@loader_path/Frameworks",
				);
				PRODUCT_BUNDLE_IDENTIFIER = com.winwayworld.YYReactiveObjCTests;
				PRODUCT_NAME = "$(TARGET_NAME)";
				TARGETED_DEVICE_FAMILY = "1,2";
				TEST_HOST = "$(BUILT_PRODUCTS_DIR)/YYReactiveObjC.app/YYReactiveObjC";
			};
			name = Debug;
		};
		1189D01C2179792E00E1CE5C /* Release */ = {
			isa = XCBuildConfiguration;
			buildSettings = {
				BUNDLE_LOADER = "$(TEST_HOST)";
				CODE_SIGN_STYLE = Automatic;
				DEVELOPMENT_TEAM = 59PVTAC458;
				INFOPLIST_FILE = YYReactiveObjCTests/Info.plist;
				LD_RUNPATH_SEARCH_PATHS = (
					"$(inherited)",
					"@executable_path/Frameworks",
					"@loader_path/Frameworks",
				);
				PRODUCT_BUNDLE_IDENTIFIER = com.winwayworld.YYReactiveObjCTests;
				PRODUCT_NAME = "$(TARGET_NAME)";
				TARGETED_DEVICE_FAMILY = "1,2";
				TEST_HOST = "$(BUILT_PRODUCTS_DIR)/YYReactiveObjC.app/YYReactiveObjC";
			};
			name = Release;
		};
		1189D01E2179792E00E1CE5C /* Debug */ = {
			isa = XCBuildConfiguration;
			buildSettings = {
				CODE_SIGN_STYLE = Automatic;
				DEVELOPMENT_TEAM = 59PVTAC458;
				INFOPLIST_FILE = YYReactiveObjCUITests/Info.plist;
				LD_RUNPATH_SEARCH_PATHS = (
					"$(inherited)",
					"@executable_path/Frameworks",
					"@loader_path/Frameworks",
				);
				PRODUCT_BUNDLE_IDENTIFIER = com.winwayworld.YYReactiveObjCUITests;
				PRODUCT_NAME = "$(TARGET_NAME)";
				TARGETED_DEVICE_FAMILY = "1,2";
				TEST_TARGET_NAME = YYReactiveObjC;
			};
			name = Debug;
		};
		1189D01F2179792E00E1CE5C /* Release */ = {
			isa = XCBuildConfiguration;
			buildSettings = {
				CODE_SIGN_STYLE = Automatic;
				DEVELOPMENT_TEAM = 59PVTAC458;
				INFOPLIST_FILE = YYReactiveObjCUITests/Info.plist;
				LD_RUNPATH_SEARCH_PATHS = (
					"$(inherited)",
					"@executable_path/Frameworks",
					"@loader_path/Frameworks",
				);
				PRODUCT_BUNDLE_IDENTIFIER = com.winwayworld.YYReactiveObjCUITests;
				PRODUCT_NAME = "$(TARGET_NAME)";
				TARGETED_DEVICE_FAMILY = "1,2";
				TEST_TARGET_NAME = YYReactiveObjC;
			};
			name = Release;
		};
/* End XCBuildConfiguration section */

/* Begin XCConfigurationList section */
		1189CFE62179792B00E1CE5C /* Build configuration list for PBXProject "YYReactiveObjC" */ = {
			isa = XCConfigurationList;
			buildConfigurations = (
				1189D0152179792E00E1CE5C /* Debug */,
				1189D0162179792E00E1CE5C /* Release */,
			);
			defaultConfigurationIsVisible = 0;
			defaultConfigurationName = Release;
		};
		1189D0172179792E00E1CE5C /* Build configuration list for PBXNativeTarget "YYReactiveObjC" */ = {
			isa = XCConfigurationList;
			buildConfigurations = (
				1189D0182179792E00E1CE5C /* Debug */,
				1189D0192179792E00E1CE5C /* Release */,
			);
			defaultConfigurationIsVisible = 0;
			defaultConfigurationName = Release;
		};
		1189D01A2179792E00E1CE5C /* Build configuration list for PBXNativeTarget "YYReactiveObjCTests" */ = {
			isa = XCConfigurationList;
			buildConfigurations = (
				1189D01B2179792E00E1CE5C /* Debug */,
				1189D01C2179792E00E1CE5C /* Release */,
			);
			defaultConfigurationIsVisible = 0;
			defaultConfigurationName = Release;
		};
		1189D01D2179792E00E1CE5C /* Build configuration list for PBXNativeTarget "YYReactiveObjCUITests" */ = {
			isa = XCConfigurationList;
			buildConfigurations = (
				1189D01E2179792E00E1CE5C /* Debug */,
				1189D01F2179792E00E1CE5C /* Release */,
			);
			defaultConfigurationIsVisible = 0;
			defaultConfigurationName = Release;
		};
/* End XCConfigurationList section */
	};
	rootObject = 1189CFE32179792B00E1CE5C /* Project object */;
}
